
Microsoft Visual Studio Solution File, Format Version 12.00
# Visual Studio Version 17
VisualStudioVersion = 17.0.31903.59
MinimumVisualStudioVersion = 10.0.40219.1
Project("{FAE04EC0-301F-11D3-BF4B-00C04F79EFBC}") = "Ordico.Promos.API", "Ordico.Promos.API\Ordico.Promos.API.csproj", "{F16A1B98-3AFC-460A-9EFD-F7F58C954A11}"
EndProject
Global
	GlobalSection(SolutionConfigurationPlatforms) = preSolution
		Debug|Any CPU = Debug|Any CPU
		Release|Any CPU = Release|Any CPU
	EndGlobalSection
	GlobalSection(ProjectConfigurationPlatforms) = postSolution
		{F16A1B98-3AFC-460A-9EFD-F7F58C954A11}.Debug|Any CPU.ActiveCfg = Debug|Any CPU
		{F16A1B98-3AFC-460A-9EFD-F7F58C954A11}.Debug|Any CPU.Build.0 = Debug|Any CPU
		{F16A1B98-3AFC-460A-9EFD-F7F58C954A11}.Release|Any CPU.ActiveCfg = Release|Any CPU
		{F16A1B98-3AFC-460A-9EFD-F7F58C954A11}.Release|Any CPU.Build.0 = Release|Any CPU
	EndGlobalSection
	GlobalSection(SolutionProperties) = preSolution
		HideSolutionNode = FALSE
	EndGlobalSection
	GlobalSection(ExtensibilityGlobals) = postSolution
		SolutionGuid = {7A31E460-168F-4FFB-AF0F-D7B85DBEC8F4}
	EndGlobalSection
EndGlobal
